
Microsoft Visual Studio Solution File, Format Version 12.00
# Visual Studio Version 17
VisualStudioVersion = 17.4.33110.190
MinimumVisualStudioVersion = 10.0.40219.1
Project("{FAE04EC0-301F-11D3-BF4B-00C04F79EFBC}") = "Lootee-Console", "Lootee-Console\Lootee-Console.csproj", "{8E50D1D0-1462-4A8F-8959-1038D47AFBB5}"
EndProject
Project("{FAE04EC0-301F-11D3-BF4B-00C04F79EFBC}") = "Lootee-Core", "Lootee-Core\Lootee-Core.csproj", "{1F81DAF5-7FB6-4CA5-9FBC-0F04F9B3E579}"
EndProject
Global
	GlobalSection(SolutionConfigurationPlatforms) = preSolution
		Debug|Any CPU = Debug|Any CPU
		Release|Any CPU = Release|Any CPU
	EndGlobalSection
	GlobalSection(ProjectConfigurationPlatforms) = postSolution
		{8E50D1D0-1462-4A8F-8959-1038D47AFBB5}.Debug|Any CPU.ActiveCfg = Debug|Any CPU
		{8E50D1D0-1462-4A8F-8959-1038D47AFBB5}.Debug|Any CPU.Build.0 = Debug|Any CPU
		{8E50D1D0-1462-4A8F-8959-1038D47AFBB5}.Release|Any CPU.ActiveCfg = Release|Any CPU
		{8E50D1D0-1462-4A8F-8959-1038D47AFBB5}.Release|Any CPU.Build.0 = Release|Any CPU
		{1F81DAF5-7FB6-4CA5-9FBC-0F04F9B3E579}.Debug|Any CPU.ActiveCfg = Debug|Any CPU
		{1F81DAF5-7FB6-4CA5-9FBC-0F04F9B3E579}.Debug|Any CPU.Build.0 = Debug|Any CPU
		{1F81DAF5-7FB6-4CA5-9FBC-0F04F9B3E579}.Release|Any CPU.ActiveCfg = Release|Any CPU
		{1F81DAF5-7FB6-4CA5-9FBC-0F04F9B3E579}.Release|Any CPU.Build.0 = Release|Any CPU
	EndGlobalSection
	GlobalSection(SolutionProperties) = preSolution
		HideSolutionNode = FALSE
	EndGlobalSection
	GlobalSection(ExtensibilityGlobals) = postSolution
		SolutionGuid = {DD044251-A667-4C25-907C-BFECA3D5E781}
	EndGlobalSection
EndGlobal
